
Microsoft Visual Studio Solution File, Format Version 12.00
# Visual Studio Version 16
VisualStudioVersion = 16.0.29728.190
MinimumVisualStudioVersion = 10.0.40219.1
Project("{F184B08F-C81C-45F6-A57F-5ABD9991F28F}") = "PA12-3DCGA-FIX", "PA12-3DCGA-FIX\PA12-3DCGA-FIX.vbproj", "{B0CF5B7E-6C6A-4258-840D-29015797F49D}"
EndProject
Global
	GlobalSection(SolutionConfigurationPlatforms) = preSolution
		Debug|Any CPU = Debug|Any CPU
		Release|Any CPU = Release|Any CPU
	EndGlobalSection
	GlobalSection(ProjectConfigurationPlatforms) = postSolution
		{B0CF5B7E-6C6A-4258-840D-29015797F49D}.Debug|Any CPU.ActiveCfg = Debug|Any CPU
		{B0CF5B7E-6C6A-4258-840D-29015797F49D}.Debug|Any CPU.Build.0 = Debug|Any CPU
		{B0CF5B7E-6C6A-4258-840D-29015797F49D}.Release|Any CPU.ActiveCfg = Release|Any CPU
		{B0CF5B7E-6C6A-4258-840D-29015797F49D}.Release|Any CPU.Build.0 = Release|Any CPU
	EndGlobalSection
	GlobalSection(SolutionProperties) = preSolution
		HideSolutionNode = FALSE
	EndGlobalSection
	GlobalSection(ExtensibilityGlobals) = postSolution
		SolutionGuid = {B519B6CA-B700-4F97-9C66-783ADFCEF8F7}
	EndGlobalSection
EndGlobal
